// !$*UTF8*$!
{
	archiveVersion = 1;
	classes = {
	};
	objectVersion = 50;
	objects = {

/* Begin PBXBuildFile section */
		B6382E4C20F3A2A100088A07 /* StyleKit.m in Sources */ = {isa = PBXBuildFile; fileRef = B6382E4B20F3A2A100088A07 /* StyleKit.m */; };
		B6382E4E20F3A2F500088A07 /* ZippyAnimator.swift in Sources */ = {isa = PBXBuildFile; fileRef = B6382E4D20F3A2F500088A07 /* ZippyAnimator.swift */; };
		B6382E5020F3A42500088A07 /* NSDateExtensions.swift in Sources */ = {isa = PBXBuildFile; fileRef = B6382E4F20F3A42500088A07 /* NSDateExtensions.swift */; };
		B6382E5220F3A4B700088A07 /* addReminder.swift in Sources */ = {isa = PBXBuildFile; fileRef = B6382E5120F3A4B700088A07 /* addReminder.swift */; };
		B63896D220E53A0B001EF622 /* AppDelegate.swift in Sources */ = {isa = PBXBuildFile; fileRef = B63896D120E53A0B001EF622 /* AppDelegate.swift */; };
		B63896D420E53A0B001EF622 /* ViewController.swift in Sources */ = {isa = PBXBuildFile; fileRef = B63896D320E53A0B001EF622 /* ViewController.swift */; };
		B63896D720E53A0B001EF622 /* Main.storyboard in Resources */ = {isa = PBXBuildFile; fileRef = B63896D520E53A0B001EF622 /* Main.storyboard */; };
		B63896D920E53A0C001EF622 /* Assets.xcassets in Resources */ = {isa = PBXBuildFile; fileRef = B63896D820E53A0C001EF622 /* Assets.xcassets */; };
		B63896DC20E53A0C001EF622 /* LaunchScreen.storyboard in Resources */ = {isa = PBXBuildFile; fileRef = B63896DA20E53A0C001EF622 /* LaunchScreen.storyboard */; };
		B63896E720E53A0D001EF622 /* injectRemindersTests.swift in Sources */ = {isa = PBXBuildFile; fileRef = B63896E620E53A0D001EF622 /* injectRemindersTests.swift */; };
		B63896F220E53A0D001EF622 /* injectRemindersUITests.swift in Sources */ = {isa = PBXBuildFile; fileRef = B63896F120E53A0D001EF622 /* injectRemindersUITests.swift */; };
		B638970020E5509F001EF622 /* calendarAdapter.swift in Sources */ = {isa = PBXBuildFile; fileRef = B63896FF20E5509F001EF622 /* calendarAdapter.swift */; };
		B638970220E552E2001EF622 /* reminderClass.swift in Sources */ = {isa = PBXBuildFile; fileRef = B638970120E552E2001EF622 /* reminderClass.swift */; };
		B6B5CF0A20FFA261001CDFFA /* ReminderListViewController.swift in Sources */ = {isa = PBXBuildFile; fileRef = B6B5CF0920FFA261001CDFFA /* ReminderListViewController.swift */; };
/* End PBXBuildFile section */

/* Begin PBXContainerItemProxy section */
		B63896E320E53A0D001EF622 /* PBXContainerItemProxy */ = {
			isa = PBXContainerItemProxy;
			containerPortal = B63896C620E53A0B001EF622 /* Project object */;
			proxyType = 1;
			remoteGlobalIDString = B63896CD20E53A0B001EF622;
			remoteInfo = injectReminders;
		};
		B63896EE20E53A0D001EF622 /* PBXContainerItemProxy */ = {
			isa = PBXContainerItemProxy;
			containerPortal = B63896C620E53A0B001EF622 /* Project object */;
			proxyType = 1;
			remoteGlobalIDString = B63896CD20E53A0B001EF622;
			remoteInfo = injectReminders;
		};
/* End PBXContainerItemProxy section */

/* Begin PBXFileReference section */
		B6382E4920F3A29300088A07 /* StyleKit.h */ = {isa = PBXFileReference; fileEncoding = 4; lastKnownFileType = sourcecode.c.h; path = StyleKit.h; sourceTree = "<group>"; };
		B6382E4A20F3A2A000088A07 /* injectReminders-Bridging-Header.h */ = {isa = PBXFileReference; lastKnownFileType = sourcecode.c.h; path = "injectReminders-Bridging-Header.h"; sourceTree = "<group>"; };
		B6382E4B20F3A2A100088A07 /* StyleKit.m */ = {isa = PBXFileReference; fileEncoding = 4; lastKnownFileType = sourcecode.c.objc; path = StyleKit.m; sourceTree = "<group>"; };
		B6382E4D20F3A2F500088A07 /* ZippyAnimator.swift */ = {isa = PBXFileReference; fileEncoding = 4; lastKnownFileType = sourcecode.swift; path = ZippyAnimator.swift; sourceTree = "<group>"; };
		B6382E4F20F3A42500088A07 /* NSDateExtensions.swift */ = {isa = PBXFileReference; fileEncoding = 4; lastKnownFileType = sourcecode.swift; path = NSDateExtensions.swift; sourceTree = "<group>"; };
		B6382E5120F3A4B700088A07 /* addReminder.swift */ = {isa = PBXFileReference; lastKnownFileType = sourcecode.swift; path = addReminder.swift; sourceTree = "<group>"; };
		B63896CE20E53A0B001EF622 /* injectReminders.app */ = {isa = PBXFileReference; explicitFileType = wrapper.application; includeInIndex = 0; path = injectReminders.app; sourceTree = BUILT_PRODUCTS_DIR; };
		B63896D120E53A0B001EF622 /* AppDelegate.swift */ = {isa = PBXFileReference; lastKnownFileType = sourcecode.swift; path = AppDelegate.swift; sourceTree = "<group>"; };
		B63896D320E53A0B001EF622 /* ViewController.swift */ = {isa = PBXFileReference; lastKnownFileType = sourcecode.swift; path = ViewController.swift; sourceTree = "<group>"; };
		B63896D620E53A0B001EF622 /* Base */ = {isa = PBXFileReference; lastKnownFileType = file.storyboard; name = Base; path = Base.lproj/Main.storyboard; sourceTree = "<group>"; };
		B63896D820E53A0C001EF622 /* Assets.xcassets */ = {isa = PBXFileReference; lastKnownFileType = folder.assetcatalog; path = Assets.xcassets; sourceTree = "<group>"; };
		B63896DB20E53A0C001EF622 /* Base */ = {isa = PBXFileReference; lastKnownFileType = file.storyboard; name = Base; path = Base.lproj/LaunchScreen.storyboard; sourceTree = "<group>"; };
		B63896DD20E53A0C001EF622 /* Info.plist */ = {isa = PBXFileReference; lastKnownFileType = text.plist.xml; path = Info.plist; sourceTree = "<group>"; };
		B63896E220E53A0D001EF622 /* injectRemindersTests.xctest */ = {isa = PBXFileReference; explicitFileType = wrapper.cfbundle; includeInIndex = 0; path = injectRemindersTests.xctest; sourceTree = BUILT_PRODUCTS_DIR; };
		B63896E620E53A0D001EF622 /* injectRemindersTests.swift */ = {isa = PBXFileReference; lastKnownFileType = sourcecode.swift; path = injectRemindersTests.swift; sourceTree = "<group>"; };
		B63896E820E53A0D001EF622 /* Info.plist */ = {isa = PBXFileReference; lastKnownFileType = text.plist.xml; path = Info.plist; sourceTree = "<group>"; };
		B63896ED20E53A0D001EF622 /* injectRemindersUITests.xctest */ = {isa = PBXFileReference; explicitFileType = wrapper.cfbundle; includeInIndex = 0; path = injectRemindersUITests.xctest; sourceTree = BUILT_PRODUCTS_DIR; };
		B63896F120E53A0D001EF622 /* injectRemindersUITests.swift */ = {isa = PBXFileReference; lastKnownFileType = sourcecode.swift; path = injectRemindersUITests.swift; sourceTree = "<group>"; };
		B63896F320E53A0D001EF622 /* Info.plist */ = {isa = PBXFileReference; lastKnownFileType = text.plist.xml; path = Info.plist; sourceTree = "<group>"; };
		B63896FF20E5509F001EF622 /* calendarAdapter.swift */ = {isa = PBXFileReference; lastKnownFileType = sourcecode.swift; path = calendarAdapter.swift; sourceTree = "<group>"; };
		B638970120E552E2001EF622 /* reminderClass.swift */ = {isa = PBXFileReference; lastKnownFileType = sourcecode.swift; path = reminderClass.swift; sourceTree = "<group>"; };
		B6B5CF0920FFA261001CDFFA /* ReminderListViewController.swift */ = {isa = PBXFileReference; lastKnownFileType = sourcecode.swift; path = ReminderListViewController.swift; sourceTree = "<group>"; };
/* End PBXFileReference section */

/* Begin PBXFrameworksBuildPhase section */
		B63896CB20E53A0B001EF622 /* Frameworks */ = {
			isa = PBXFrameworksBuildPhase;
			buildActionMask = 2147483647;
			files = (
			);
			runOnlyForDeploymentPostprocessing = 0;
		};
		B63896DF20E53A0D001EF622 /* Frameworks */ = {
			isa = PBXFrameworksBuildPhase;
			buildActionMask = 2147483647;
			files = (
			);
			runOnlyForDeploymentPostprocessing = 0;
		};
		B63896EA20E53A0D001EF622 /* Frameworks */ = {
			isa = PBXFrameworksBuildPhase;
			buildActionMask = 2147483647;
			files = (
			);
			runOnlyForDeploymentPostprocessing = 0;
		};
/* End PBXFrameworksBuildPhase section */

/* Begin PBXGroup section */
		B63896C520E53A0B001EF622 = {
			isa = PBXGroup;
			children = (
				B63896D020E53A0B001EF622 /* injectReminders */,
				B63896E520E53A0D001EF622 /* injectRemindersTests */,
				B63896F020E53A0D001EF622 /* injectRemindersUITests */,
				B63896CF20E53A0B001EF622 /* Products */,
			);
			sourceTree = "<group>";
		};
		B63896CF20E53A0B001EF622 /* Products */ = {
			isa = PBXGroup;
			children = (
				B63896CE20E53A0B001EF622 /* injectReminders.app */,
				B63896E220E53A0D001EF622 /* injectRemindersTests.xctest */,
				B63896ED20E53A0D001EF622 /* injectRemindersUITests.xctest */,
			);
			name = Products;
			sourceTree = "<group>";
		};
		B63896D020E53A0B001EF622 /* injectReminders */ = {
			isa = PBXGroup;
			children = (
				B63896D120E53A0B001EF622 /* AppDelegate.swift */,
				B63896D320E53A0B001EF622 /* ViewController.swift */,
				B6382E5120F3A4B700088A07 /* addReminder.swift */,
				B6B5CF0920FFA261001CDFFA /* ReminderListViewController.swift */,
				B63896D520E53A0B001EF622 /* Main.storyboard */,
				B638970120E552E2001EF622 /* reminderClass.swift */,
				B63896FF20E5509F001EF622 /* calendarAdapter.swift */,
				B63896D820E53A0C001EF622 /* Assets.xcassets */,
				B63896DA20E53A0C001EF622 /* LaunchScreen.storyboard */,
				B63896DD20E53A0C001EF622 /* Info.plist */,
				B6382E4F20F3A42500088A07 /* NSDateExtensions.swift */,
				B6382E4D20F3A2F500088A07 /* ZippyAnimator.swift */,
				B6382E4920F3A29300088A07 /* StyleKit.h */,
				B6382E4B20F3A2A100088A07 /* StyleKit.m */,
				B6382E4A20F3A2A000088A07 /* injectReminders-Bridging-Header.h */,
			);
			path = injectReminders;
			sourceTree = "<group>";
		};
		B63896E520E53A0D001EF622 /* injectRemindersTests */ = {
			isa = PBXGroup;
			children = (
				B63896E620E53A0D001EF622 /* injectRemindersTests.swift */,
				B63896E820E53A0D001EF622 /* Info.plist */,
			);
			path = injectRemindersTests;
			sourceTree = "<group>";
		};
		B63896F020E53A0D001EF622 /* injectRemindersUITests */ = {
			isa = PBXGroup;
			children = (
				B63896F120E53A0D001EF622 /* injectRemindersUITests.swift */,
				B63896F320E53A0D001EF622 /* Info.plist */,
			);
			path = injectRemindersUITests;
			sourceTree = "<group>";
		};
/* End PBXGroup section */

/* Begin PBXNativeTarget section */
		B63896CD20E53A0B001EF622 /* injectReminders */ = {
			isa = PBXNativeTarget;
			buildConfigurationList = B63896F620E53A0D001EF622 /* Build configuration list for PBXNativeTarget "injectReminders" */;
			buildPhases = (
				B63896CA20E53A0B001EF622 /* Sources */,
				B63896CB20E53A0B001EF622 /* Frameworks */,
				B63896CC20E53A0B001EF622 /* Resources */,
			);
			buildRules = (
			);
			dependencies = (
			);
			name = injectReminders;
			productName = injectReminders;
			productReference = B63896CE20E53A0B001EF622 /* injectReminders.app */;
			productType = "com.apple.product-type.application";
		};
		B63896E120E53A0D001EF622 /* injectRemindersTests */ = {
			isa = PBXNativeTarget;
			buildConfigurationList = B63896F920E53A0D001EF622 /* Build configuration list for PBXNativeTarget "injectRemindersTests" */;
			buildPhases = (
				B63896DE20E53A0D001EF622 /* Sources */,
				B63896DF20E53A0D001EF622 /* Frameworks */,
				B63896E020E53A0D001EF622 /* Resources */,
			);
			buildRules = (
			);
			dependencies = (
				B63896E420E53A0D001EF622 /* PBXTargetDependency */,
			);
			name = injectRemindersTests;
			productName = injectRemindersTests;
			productReference = B63896E220E53A0D001EF622 /* injectRemindersTests.xctest */;
			productType = "com.apple.product-type.bundle.unit-test";
		};
		B63896EC20E53A0D001EF622 /* injectRemindersUITests */ = {
			isa = PBXNativeTarget;
			buildConfigurationList = B63896FC20E53A0D001EF622 /* Build configuration list for PBXNativeTarget "injectRemindersUITests" */;
			buildPhases = (
				B63896E920E53A0D001EF622 /* Sources */,
				B63896EA20E53A0D001EF622 /* Frameworks */,
				B63896EB20E53A0D001EF622 /* Resources */,
			);
			buildRules = (
			);
			dependencies = (
				B63896EF20E53A0D001EF622 /* PBXTargetDependency */,
			);
			name = injectRemindersUITests;
			productName = injectRemindersUITests;
			productReference = B63896ED20E53A0D001EF622 /* injectRemindersUITests.xctest */;
			productType = "com.apple.product-type.bundle.ui-testing";
		};
/* End PBXNativeTarget section */

/* Begin PBXProject section */
		B63896C620E53A0B001EF622 /* Project object */ = {
			isa = PBXProject;
			attributes = {
				LastSwiftUpdateCheck = 0940;
				LastUpgradeCheck = 0940;
				ORGANIZATIONNAME = "Waddah Al Drobi";
				TargetAttributes = {
					B63896CD20E53A0B001EF622 = {
						CreatedOnToolsVersion = 9.4;
						LastSwiftMigration = 0940;
					};
					B63896E120E53A0D001EF622 = {
						CreatedOnToolsVersion = 9.4;
						TestTargetID = B63896CD20E53A0B001EF622;
					};
					B63896EC20E53A0D001EF622 = {
						CreatedOnToolsVersion = 9.4;
						TestTargetID = B63896CD20E53A0B001EF622;
					};
				};
			};
			buildConfigurationList = B63896C920E53A0B001EF622 /* Build configuration list for PBXProject "injectReminders" */;
			compatibilityVersion = "Xcode 9.3";
			developmentRegion = en;
			hasScannedForEncodings = 0;
			knownRegions = (
				en,
				Base,
			);
			mainGroup = B63896C520E53A0B001EF622;
			productRefGroup = B63896CF20E53A0B001EF622 /* Products */;
			projectDirPath = "";
			projectRoot = "";
			targets = (
				B63896CD20E53A0B001EF622 /* injectReminders */,
				B63896E120E53A0D001EF622 /* injectRemindersTests */,
				B63896EC20E53A0D001EF622 /* injectRemindersUITests */,
			);
		};
/* End PBXProject section */

/* Begin PBXResourcesBuildPhase section */
		B63896CC20E53A0B001EF622 /* Resources */ = {
			isa = PBXResourcesBuildPhase;
			buildActionMask = 2147483647;
			files = (
				B63896DC20E53A0C001EF622 /* LaunchScreen.storyboard in Resources */,
				B63896D920E53A0C001EF622 /* Assets.xcassets in Resources */,
				B63896D720E53A0B001EF622 /* Main.storyboard in Resources */,
			);
			runOnlyForDeploymentPostprocessing = 0;
		};
		B63896E020E53A0D001EF622 /* Resources */ = {
			isa = PBXResourcesBuildPhase;
			buildActionMask = 2147483647;
			files = (
			);
			runOnlyForDeploymentPostprocessing = 0;
		};
		B63896EB20E53A0D001EF622 /* Resources */ = {
			isa = PBXResourcesBuildPhase;
			buildActionMask = 2147483647;
			files = (
			);
			runOnlyForDeploymentPostprocessing = 0;
		};
/* End PBXResourcesBuildPhase section */

/* Begin PBXSourcesBuildPhase section */
		B63896CA20E53A0B001EF622 /* Sources */ = {
			isa = PBXSourcesBuildPhase;
			buildActionMask = 2147483647;
			files = (
				B63896D420E53A0B001EF622 /* ViewController.swift in Sources */,
				B6382E5020F3A42500088A07 /* NSDateExtensions.swift in Sources */,
				B6382E4C20F3A2A100088A07 /* StyleKit.m in Sources */,
				B6382E5220F3A4B700088A07 /* addReminder.swift in Sources */,
				B6B5CF0A20FFA261001CDFFA /* ReminderListViewController.swift in Sources */,
				B63896D220E53A0B001EF622 /* AppDelegate.swift in Sources */,
				B6382E4E20F3A2F500088A07 /* ZippyAnimator.swift in Sources */,
				B638970220E552E2001EF622 /* reminderClass.swift in Sources */,
				B638970020E5509F001EF622 /* calendarAdapter.swift in Sources */,
			);
			runOnlyForDeploymentPostprocessing = 0;
		};
		B63896DE20E53A0D001EF622 /* Sources */ = {
			isa = PBXSourcesBuildPhase;
			buildActionMask = 2147483647;
			files = (
				B63896E720E53A0D001EF622 /* injectRemindersTests.swift in Sources */,
			);
			runOnlyForDeploymentPostprocessing = 0;
		};
		B63896E920E53A0D001EF622 /* Sources */ = {
			isa = PBXSourcesBuildPhase;
			buildActionMask = 2147483647;
			files = (
				B63896F220E53A0D001EF622 /* injectRemindersUITests.swift in Sources */,
			);
			runOnlyForDeploymentPostprocessing = 0;
		};
/* End PBXSourcesBuildPhase section */

/* Begin PBXTargetDependency section */
		B63896E420E53A0D001EF622 /* PBXTargetDependency */ = {
			isa = PBXTargetDependency;
			target = B63896CD20E53A0B001EF622 /* injectReminders */;
			targetProxy = B63896E320E53A0D001EF622 /* PBXContainerItemProxy */;
		};
		B63896EF20E53A0D001EF622 /* PBXTargetDependency */ = {
			isa = PBXTargetDependency;
			target = B63896CD20E53A0B001EF622 /* injectReminders */;
			targetProxy = B63896EE20E53A0D001EF622 /* PBXContainerItemProxy */;
		};
/* End PBXTargetDependency section */

/* Begin PBXVariantGroup section */
		B63896D520E53A0B001EF622 /* Main.storyboard */ = {
			isa = PBXVariantGroup;
			children = (
				B63896D620E53A0B001EF622 /* Base */,
			);
			name = Main.storyboard;
			sourceTree = "<group>";
		};
		B63896DA20E53A0C001EF622 /* LaunchScreen.storyboard */ = {
			isa = PBXVariantGroup;
			children = (
				B63896DB20E53A0C001EF622 /* Base */,
			);
			name = LaunchScreen.storyboard;
			sourceTree = "<group>";
		};
/* End PBXVariantGroup section */

/* Begin XCBuildConfiguration section */
		B63896F420E53A0D001EF622 /* Debug */ = {
			isa = XCBuildConfiguration;
			buildSettings = {
				ALWAYS_SEARCH_USER_PATHS = NO;
				CLANG_ANALYZER_NONNULL = YES;
				CLANG_ANALYZER_NUMBER_OBJECT_CONVERSION = YES_AGGRESSIVE;
				CLANG_CXX_LANGUAGE_STANDARD = "gnu++14";
				CLANG_CXX_LIBRARY = "libc++";
				CLANG_ENABLE_MODULES = YES;
				CLANG_ENABLE_OBJC_ARC = YES;
				CLANG_ENABLE_OBJC_WEAK = YES;
				CLANG_WARN_BLOCK_CAPTURE_AUTORELEASING = YES;
				CLANG_WARN_BOOL_CONVERSION = YES;
				CLANG_WARN_COMMA = YES;
				CLANG_WARN_CONSTANT_CONVERSION = YES;
				CLANG_WARN_DEPRECATED_OBJC_IMPLEMENTATIONS = YES;
				CLANG_WARN_DIRECT_OBJC_ISA_USAGE = YES_ERROR;
				CLANG_WARN_DOCUMENTATION_COMMENTS = YES;
				CLANG_WARN_EMPTY_BODY = YES;
				CLANG_WARN_ENUM_CONVERSION = YES;
				CLANG_WARN_INFINITE_RECURSION = YES;
				CLANG_WARN_INT_CONVERSION = YES;
				CLANG_WARN_NON_LITERAL_NULL_CONVERSION = YES;
				CLANG_WARN_OBJC_IMPLICIT_RETAIN_SELF = YES;
				CLANG_WARN_OBJC_LITERAL_CONVERSION = YES;
				CLANG_WARN_OBJC_ROOT_CLASS = YES_ERROR;
				CLANG_WARN_RANGE_LOOP_ANALYSIS = YES;
				CLANG_WARN_STRICT_PROTOTYPES = YES;
				CLANG_WARN_SUSPICIOUS_MOVE = YES;
				CLANG_WARN_UNGUARDED_AVAILABILITY = YES_AGGRESSIVE;
				CLANG_WARN_UNREACHABLE_CODE = YES;
				CLANG_WARN__DUPLICATE_METHOD_MATCH = YES;
				CODE_SIGN_IDENTITY = "iPhone Developer";
				COPY_PHASE_STRIP = NO;
				DEBUG_INFORMATION_FORMAT = dwarf;
				ENABLE_STRICT_OBJC_MSGSEND = YES;
				ENABLE_TESTABILITY = YES;
				GCC_C_LANGUAGE_STANDARD = gnu11;
				GCC_DYNAMIC_NO_PIC = NO;
				GCC_NO_COMMON_BLOCKS = YES;
				GCC_OPTIMIZATION_LEVEL = 0;
				GCC_PREPROCESSOR_DEFINITIONS = (
					"DEBUG=1",
					"$(inherited)",
				);
				GCC_WARN_64_TO_32_BIT_CONVERSION = YES;
				GCC_WARN_ABOUT_RETURN_TYPE = YES_ERROR;
				GCC_WARN_UNDECLARED_SELECTOR = YES;
				GCC_WARN_UNINITIALIZED_AUTOS = YES_AGGRESSIVE;
				GCC_WARN_UNUSED_FUNCTION = YES;
				GCC_WARN_UNUSED_VARIABLE = YES;
				IPHONEOS_DEPLOYMENT_TARGET = 11.4;
				MTL_ENABLE_DEBUG_INFO = YES;
				ONLY_ACTIVE_ARCH = YES;
				SDKROOT = iphoneos;
				SWIFT_ACTIVE_COMPILATION_CONDITIONS = DEBUG;
				SWIFT_OPTIMIZATION_LEVEL = "-Onone";
			};
			name = Debug;
		};
		B63896F520E53A0D001EF622 /* Release */ = {
			isa = XCBuildConfiguration;
			buildSettings = {
				ALWAYS_SEARCH_USER_PATHS = NO;
				CLANG_ANALYZER_NONNULL = YES;
				CLANG_ANALYZER_NUMBER_OBJECT_CONVERSION = YES_AGGRESSIVE;
				CLANG_CXX_LANGUAGE_STANDARD = "gnu++14";
				CLANG_CXX_LIBRARY = "libc++";
				CLANG_ENABLE_MODULES = YES;
				CLANG_ENABLE_OBJC_ARC = YES;
				CLANG_ENABLE_OBJC_WEAK = YES;
				CLANG_WARN_BLOCK_CAPTURE_AUTORELEASING = YES;
				CLANG_WARN_BOOL_CONVERSION = YES;
				CLANG_WARN_COMMA = YES;
				CLANG_WARN_CONSTANT_CONVERSION = YES;
				CLANG_WARN_DEPRECATED_OBJC_IMPLEMENTATIONS = YES;
				CLANG_WARN_DIRECT_OBJC_ISA_USAGE = YES_ERROR;
				CLANG_WARN_DOCUMENTATION_COMMENTS = YES;
				CLANG_WARN_EMPTY_BODY = YES;
				CLANG_WARN_ENUM_CONVERSION = YES;
				CLANG_WARN_INFINITE_RECURSION = YES;
				CLANG_WARN_INT_CONVERSION = YES;
				CLANG_WARN_NON_LITERAL_NULL_CONVERSION = YES;
				CLANG_WARN_OBJC_IMPLICIT_RETAIN_SELF = YES;
				CLANG_WARN_OBJC_LITERAL_CONVERSION = YES;
				CLANG_WARN_OBJC_ROOT_CLASS = YES_ERROR;
				CLANG_WARN_RANGE_LOOP_ANALYSIS = YES;
				CLANG_WARN_STRICT_PROTOTYPES = YES;
				CLANG_WARN_SUSPICIOUS_MOVE = YES;
				CLANG_WARN_UNGUARDED_AVAILABILITY = YES_AGGRESSIVE;
				CLANG_WARN_UNREACHABLE_CODE = YES;
				CLANG_WARN__DUPLICATE_METHOD_MATCH = YES;
				CODE_SIGN_IDENTITY = "iPhone Developer";
				COPY_PHASE_STRIP = NO;
				DEBUG_INFORMATION_FORMAT = "dwarf-with-dsym";
				ENABLE_NS_ASSERTIONS = NO;
				ENABLE_STRICT_OBJC_MSGSEND = YES;
				GCC_C_LANGUAGE_STANDARD = gnu11;
				GCC_NO_COMMON_BLOCKS = YES;
				GCC_WARN_64_TO_32_BIT_CONVERSION = YES;
				GCC_WARN_ABOUT_RETURN_TYPE = YES_ERROR;
				GCC_WARN_UNDECLARED_SELECTOR = YES;
				GCC_WARN_UNINITIALIZED_AUTOS = YES_AGGRESSIVE;
				GCC_WARN_UNUSED_FUNCTION = YES;
				GCC_WARN_UNUSED_VARIABLE = YES;
				IPHONEOS_DEPLOYMENT_TARGET = 11.4;
				MTL_ENABLE_DEBUG_INFO = NO;
				SDKROOT = iphoneos;
				SWIFT_COMPILATION_MODE = wholemodule;
				SWIFT_OPTIMIZATION_LEVEL = "-O";
				VALIDATE_PRODUCT = YES;
			};
			name = Release;
		};
		B63896F720E53A0D001EF622 /* Debug */ = {
			isa = XCBuildConfiguration;
			buildSettings = {
				ASSETCATALOG_COMPILER_APPICON_NAME = AppIcon;
				CLANG_ENABLE_MODULES = YES;
				CODE_SIGN_STYLE = Automatic;
				DEVELOPMENT_TEAM = RPB3854KB6;
				INFOPLIST_FILE = injectReminders/Info.plist;
				IPHONEOS_DEPLOYMENT_TARGET = 10.0;
				LD_RUNPATH_SEARCH_PATHS = (
					"$(inherited)",
					"@executable_path/Frameworks",
				);
				PRODUCT_BUNDLE_IDENTIFIER = waddah.injectReminders;
				PRODUCT_NAME = "$(TARGET_NAME)";
				SWIFT_OBJC_BRIDGING_HEADER = "injectReminders/injectReminders-Bridging-Header.h";
				SWIFT_OPTIMIZATION_LEVEL = "-Onone";
				SWIFT_VERSION = 4.0;
				TARGETED_DEVICE_FAMILY = "1,2";
			};
			name = Debug;
		};
		B63896F820E53A0D001EF622 /* Release */ = {
			isa = XCBuildConfiguration;
			buildSettings = {
				ASSETCATALOG_COMPILER_APPICON_NAME = AppIcon;
				CLANG_ENABLE_MODULES = YES;
				CODE_SIGN_STYLE = Automatic;
				DEVELOPMENT_TEAM = RPB3854KB6;
				INFOPLIST_FILE = injectReminders/Info.plist;
				IPHONEOS_DEPLOYMENT_TARGET = 10.0;
				LD_RUNPATH_SEARCH_PATHS = (
					"$(inherited)",
					"@executable_path/Frameworks",
				);
				PRODUCT_BUNDLE_IDENTIFIER = waddah.injectReminders;
				PRODUCT_NAME = "$(TARGET_NAME)";
				SWIFT_OBJC_BRIDGING_HEADER = "injectReminders/injectReminders-Bridging-Header.h";
				SWIFT_VERSION = 4.0;
				TARGETED_DEVICE_FAMILY = "1,2";
			};
			name = Release;
		};
		B63896FA20E53A0D001EF622 /* Debug */ = {
			isa = XCBuildConfiguration;
			buildSettings = {
				ALWAYS_EMBED_SWIFT_STANDARD_LIBRARIES = YES;
				BUNDLE_LOADER = "$(TEST_HOST)";
				CODE_SIGN_STYLE = Automatic;
				DEVELOPMENT_TEAM = QH5RUU8L5P;
				INFOPLIST_FILE = injectRemindersTests/Info.plist;
				LD_RUNPATH_SEARCH_PATHS = (
					"$(inherited)",
					"@executable_path/Frameworks",
					"@loader_path/Frameworks",
				);
				PRODUCT_BUNDLE_IDENTIFIER = waddah.injectRemindersTests;
				PRODUCT_NAME = "$(TARGET_NAME)";
				SWIFT_VERSION = 4.0;
				TARGETED_DEVICE_FAMILY = "1,2";
				TEST_HOST = "$(BUILT_PRODUCTS_DIR)/injectReminders.app/injectReminders";
			};
			name = Debug;
		};
		B63896FB20E53A0D001EF622 /* Release */ = {
			isa = XCBuildConfiguration;
			buildSettings = {
				ALWAYS_EMBED_SWIFT_STANDARD_LIBRARIES = YES;
				BUNDLE_LOADER = "$(TEST_HOST)";
				CODE_SIGN_STYLE = Automatic;
				DEVELOPMENT_TEAM = QH5RUU8L5P;
				INFOPLIST_FILE = injectRemindersTests/Info.plist;
				LD_RUNPATH_SEARCH_PATHS = (
					"$(inherited)",
					"@executable_path/Frameworks",
					"@loader_path/Frameworks",
				);
				PRODUCT_BUNDLE_IDENTIFIER = waddah.injectRemindersTests;
				PRODUCT_NAME = "$(TARGET_NAME)";
				SWIFT_VERSION = 4.0;
				TARGETED_DEVICE_FAMILY = "1,2";
				TEST_HOST = "$(BUILT_PRODUCTS_DIR)/injectReminders.app/injectReminders";
			};
			name = Release;
		};
		B63896FD20E53A0D001EF622 /* Debug */ = {
			isa = XCBuildConfiguration;
			buildSettings = {
				ALWAYS_EMBED_SWIFT_STANDARD_LIBRARIES = YES;
				CODE_SIGN_STYLE = Automatic;
				DEVELOPMENT_TEAM = QH5RUU8L5P;
				INFOPLIST_FILE = injectRemindersUITests/Info.plist;
				LD_RUNPATH_SEARCH_PATHS = (
					"$(inherited)",
					"@executable_path/Frameworks",
					"@loader_path/Frameworks",
				);
				PRODUCT_BUNDLE_IDENTIFIER = waddah.injectRemindersUITests;
				PRODUCT_NAME = "$(TARGET_NAME)";
				SWIFT_VERSION = 4.0;
				TARGETED_DEVICE_FAMILY = "1,2";
				TEST_TARGET_NAME = injectReminders;
			};
			name = Debug;
		};
		B63896FE20E53A0D001EF622 /* Release */ = {
			isa = XCBuildConfiguration;
			buildSettings = {
				ALWAYS_EMBED_SWIFT_STANDARD_LIBRARIES = YES;
				CODE_SIGN_STYLE = Automatic;
				DEVELOPMENT_TEAM = QH5RUU8L5P;
				INFOPLIST_FILE = injectRemindersUITests/Info.plist;
				LD_RUNPATH_SEARCH_PATHS = (
					"$(inherited)",
					"@executable_path/Frameworks",
					"@loader_path/Frameworks",
				);
				PRODUCT_BUNDLE_IDENTIFIER = waddah.injectRemindersUITests;
				PRODUCT_NAME = "$(TARGET_NAME)";
				SWIFT_VERSION = 4.0;
				TARGETED_DEVICE_FAMILY = "1,2";
				TEST_TARGET_NAME = injectReminders;
			};
			name = Release;
		};
/* End XCBuildConfiguration section */

/* Begin XCConfigurationList section */
		B63896C920E53A0B001EF622 /* Build configuration list for PBXProject "injectReminders" */ = {
			isa = XCConfigurationList;
			buildConfigurations = (
				B63896F420E53A0D001EF622 /* Debug */,
				B63896F520E53A0D001EF622 /* Release */,
			);
			defaultConfigurationIsVisible = 0;
			defaultConfigurationName = Release;
		};
		B63896F620E53A0D001EF622 /* Build configuration list for PBXNativeTarget "injectReminders" */ = {
			isa = XCConfigurationList;
			buildConfigurations = (
				B63896F720E53A0D001EF622 /* Debug */,
				B63896F820E53A0D001EF622 /* Release */,
			);
			defaultConfigurationIsVisible = 0;
			defaultConfigurationName = Release;
		};
		B63896F920E53A0D001EF622 /* Build configuration list for PBXNativeTarget "injectRemindersTests" */ = {
			isa = XCConfigurationList;
			buildConfigurations = (
				B63896FA20E53A0D001EF622 /* Debug */,
				B63896FB20E53A0D001EF622 /* Release */,
			);
			defaultConfigurationIsVisible = 0;
			defaultConfigurationName = Release;
		};
		B63896FC20E53A0D001EF622 /* Build configuration list for PBXNativeTarget "injectRemindersUITests" */ = {
			isa = XCConfigurationList;
			buildConfigurations = (
				B63896FD20E53A0D001EF622 /* Debug */,
				B63896FE20E53A0D001EF622 /* Release */,
			);
			defaultConfigurationIsVisible = 0;
			defaultConfigurationName = Release;
		};
/* End XCConfigurationList section */
	};
	rootObject = B63896C620E53A0B001EF622 /* Project object */;
}
